{
  "checksum": "ceb872808bc19dea7e2bf3a800912471a769fb8aee7fbea69782a3c2d397541b",
  "crates": {
    "autocfg 1.3.0": {
      "name": "autocfg",
      "version": "1.3.0",
      "package_url": "https://github.com/cuviper/autocfg",
      "repository": {
        "Http": {
          "url": "https://static.crates.io/crates/autocfg/1.3.0/download",
          "sha256": "0c4b4d0bd25bd0b74681c0ad21497610ce1b7c91b1022cd21c80c6fbdd9476b0"
        }
      },
      "targets": [
        {
          "Library": {
            "crate_name": "autocfg",
            "crate_root": "src/lib.rs",
            "srcs": {
              "allow_empty": true,
              "include": [
                "**/*.rs"
              ]
            }
          }
        }
      ],
      "library_target_name": "autocfg",
      "common_attrs": {
        "compile_data_glob": [
          "**"
        ],
        "edition": "2015",
        "version": "1.3.0"
      },
      "license": "Apache-2.0 OR MIT",
      "license_ids": [
        "Apache-2.0",
        "MIT"
      ],
      "license_file": "LICENSE-APACHE"
    },
    "direct-cargo-bazel-deps 0.0.1": {
      "name": "direct-cargo-bazel-deps",
      "version": "0.0.1",
      "package_url": null,
      "repository": null,
      "targets": [
        {
          "Library": {
            "crate_name": "direct_cargo_bazel_deps",
            "crate_root": ".direct_cargo_bazel_deps.rs",
            "srcs": {
              "allow_empty": true,
              "include": [
                "**/*.rs"
              ]
            }
          }
        }
      ],
      "library_target_name": "direct_cargo_bazel_deps",
      "common_attrs": {
        "compile_data_glob": [
          "**"
        ],
        "deps": {
          "common": [
            {
              "id": "futures 0.3.30",
              "target": "futures"
            },
            {
              "id": "serde 1.0.201",
              "target": "serde"
            },
            {
              "id": "signal-hook 0.3.17",
              "target": "signal_hook"
            }
          ],
          "selects": {}
        },
        "edition": "2018",
        "version": "0.0.1"
      },
      "license": null,
      "license_ids": [],
      "license_file": null
    },
    "futures 0.3.30": {
      "name": "futures",
      "version": "0.3.30",
      "package_url": "https://github.com/rust-lang/futures-rs",
      "repository": {
        "Http": {
          "url": "https://static.crates.io/crates/futures/0.3.30/download",
          "sha256": "645c6916888f6cb6350d2550b80fb63e734897a8498abe35cfb732b6487804b0"
        }
      },
      "targets": [
        {
          "Library": {
            "crate_name": "futures",
            "crate_root": "src/lib.rs",
            "srcs": {
              "allow_empty": true,
              "include": [
                "**/*.rs"
              ]
            }
          }
        }
      ],
      "library_target_name": "futures",
      "common_attrs": {
        "compile_data_glob": [
          "**"
        ],
        "crate_features": {
          "common": [
            "alloc",
            "async-await",
            "default",
            "executor",
            "futures-executor",
            "std"
          ],
          "selects": {}
        },
        "deps": {
          "common": [
            {
              "id": "futures-channel 0.3.30",
              "target": "futures_channel"
            },
            {
              "id": "futures-core 0.3.30",
              "target": "futures_core"
            },
            {
              "id": "futures-executor 0.3.30",
              "target": "futures_executor"
            },
            {
              "id": "futures-io 0.3.30",
              "target": "futures_io"
            },
            {
              "id": "futures-sink 0.3.30",
              "target": "futures_sink"
            },
            {
              "id": "futures-task 0.3.30",
              "target": "futures_task"
            },
            {
              "id": "futures-util 0.3.30",
              "target": "futures_util"
            }
          ],
          "selects": {}
        },
        "edition": "2018",
        "version": "0.3.30"
      },
      "license": "MIT OR Apache-2.0",
      "license_ids": [
        "Apache-2.0",
        "MIT"
      ],
      "license_file": "LICENSE-APACHE"
    },
    "futures-channel 0.3.30": {
      "name": "futures-channel",
      "version": "0.3.30",
      "package_url": "https://github.com/rust-lang/futures-rs",
      "repository": {
        "Http": {
          "url": "https://static.crates.io/crates/futures-channel/0.3.30/download",
          "sha256": "eac8f7d7865dcb88bd4373ab671c8cf4508703796caa2b1985a9ca867b3fcb78"
        }
      },
      "targets": [
        {
          "Library": {
            "crate_name": "futures_channel",
            "crate_root": "src/lib.rs",
            "srcs": {
              "allow_empty": true,
              "include": [
                "**/*.rs"
              ]
            }
          }
        }
      ],
      "library_target_name": "futures_channel",
      "common_attrs": {
        "compile_data_glob": [
          "**"
        ],
        "crate_features": {
          "common": [
            "alloc",
            "futures-sink",
            "sink",
            "std"
          ],
          "selects": {}
        },
        "deps": {
          "common": [
            {
              "id": "futures-core 0.3.30",
              "target": "futures_core"
            },
            {
              "id": "futures-sink 0.3.30",
              "target": "futures_sink"
            }
          ],
          "selects": {}
        },
        "edition": "2018",
        "version": "0.3.30"
      },
      "license": "MIT OR Apache-2.0",
      "license_ids": [
        "Apache-2.0",
        "MIT"
      ],
      "license_file": "LICENSE-APACHE"
    },
    "futures-core 0.3.30": {
      "name": "futures-core",
      "version": "0.3.30",
      "package_url": "https://github.com/rust-lang/futures-rs",
      "repository": {
        "Http": {
          "url": "https://static.crates.io/crates/futures-core/0.3.30/download",
          "sha256": "dfc6580bb841c5a68e9ef15c77ccc837b40a7504914d52e47b8b0e9bbda25a1d"
        }
      },
      "targets": [
        {
          "Library": {
            "crate_name": "futures_core",
            "crate_root": "src/lib.rs",
            "srcs": {
              "allow_empty": true,
              "include": [
                "**/*.rs"
              ]
            }
          }
        }
      ],
      "library_target_name": "futures_core",
      "common_attrs": {
        "compile_data_glob": [
          "**"
        ],
        "crate_features": {
          "common": [
            "alloc",
            "std"
          ],
          "selects": {}
        },
        "edition": "2018",
        "version": "0.3.30"
      },
      "license": "MIT OR Apache-2.0",
      "license_ids": [
        "Apache-2.0",
        "MIT"
      ],
      "license_file": "LICENSE-APACHE"
    },
    "futures-executor 0.3.30": {
      "name": "futures-executor",
      "version": "0.3.30",
      "package_url": "https://github.com/rust-lang/futures-rs",
      "repository": {
        "Http": {
          "url": "https://static.crates.io/crates/futures-executor/0.3.30/download",
          "sha256": "a576fc72ae164fca6b9db127eaa9a9dda0d61316034f33a0a0d4eda41f02b01d"
        }
      },
      "targets": [
        {
          "Library": {
            "crate_name": "futures_executor",
            "crate_root": "src/lib.rs",
            "srcs": {
              "allow_empty": true,
              "include": [
                "**/*.rs"
              ]
            }
          }
        }
      ],
      "library_target_name": "futures_executor",
      "common_attrs": {
        "compile_data_glob": [
          "**"
        ],
        "crate_features": {
          "common": [
            "std"
          ],
          "selects": {}
        },
        "deps": {
          "common": [
            {
              "id": "futures-core 0.3.30",
              "target": "futures_core"
            },
            {
              "id": "futures-task 0.3.30",
              "target": "futures_task"
            },
            {
              "id": "futures-util 0.3.30",
              "target": "futures_util"
            }
          ],
          "selects": {}
        },
        "edition": "2018",
        "version": "0.3.30"
      },
      "license": "MIT OR Apache-2.0",
      "license_ids": [
        "Apache-2.0",
        "MIT"
      ],
      "license_file": "LICENSE-APACHE"
    },
    "futures-io 0.3.30": {
      "name": "futures-io",
      "version": "0.3.30",
      "package_url": "https://github.com/rust-lang/futures-rs",
      "repository": {
        "Http": {
          "url": "https://static.crates.io/crates/futures-io/0.3.30/download",
          "sha256": "a44623e20b9681a318efdd71c299b6b222ed6f231972bfe2f224ebad6311f0c1"
        }
      },
      "targets": [
        {
          "Library": {
            "crate_name": "futures_io",
            "crate_root": "src/lib.rs",
            "srcs": {
              "allow_empty": true,
              "include": [
                "**/*.rs"
              ]
            }
          }
        }
      ],
      "library_target_name": "futures_io",
      "common_attrs": {
        "compile_data_glob": [
          "**"
        ],
        "crate_features": {
          "common": [
            "std"
          ],
          "selects": {}
        },
        "edition": "2018",
        "version": "0.3.30"
      },
      "license": "MIT OR Apache-2.0",
      "license_ids": [
        "Apache-2.0",
        "MIT"
      ],
      "license_file": "LICENSE-APACHE"
    },
    "futures-macro 0.3.30": {
      "name": "futures-macro",
      "version": "0.3.30",
      "package_url": "https://github.com/rust-lang/futures-rs",
      "repository": {
        "Http": {
          "url": "https://static.crates.io/crates/futures-macro/0.3.30/download",
          "sha256": "87750cf4b7a4c0625b1529e4c543c2182106e4dedc60a2a6455e00d212c489ac"
        }
      },
      "targets": [
        {
          "ProcMacro": {
            "crate_name": "futures_macro",
            "crate_root": "src/lib.rs",
            "srcs": {
              "allow_empty": true,
              "include": [
                "**/*.rs"
              ]
            }
          }
        }
      ],
      "library_target_name": "futures_macro",
      "common_attrs": {
        "compile_data_glob": [
          "**"
        ],
        "deps": {
          "common": [
            {
              "id": "proc-macro2 1.0.81",
              "target": "proc_macro2"
            },
            {
              "id": "quote 1.0.36",
              "target": "quote"
            },
            {
              "id": "syn 2.0.60",
              "target": "syn"
            }
          ],
          "selects": {}
        },
        "edition": "2018",
        "version": "0.3.30"
      },
      "license": "MIT OR Apache-2.0",
      "license_ids": [
        "Apache-2.0",
        "MIT"
      ],
      "license_file": "LICENSE-APACHE"
    },
    "futures-sink 0.3.30": {
      "name": "futures-sink",
      "version": "0.3.30",
      "package_url": "https://github.com/rust-lang/futures-rs",
      "repository": {
        "Http": {
          "url": "https://static.crates.io/crates/futures-sink/0.3.30/download",
          "sha256": "9fb8e00e87438d937621c1c6269e53f536c14d3fbd6a042bb24879e57d474fb5"
        }
      },
      "targets": [
        {
          "Library": {
            "crate_name": "futures_sink",
            "crate_root": "src/lib.rs",
            "srcs": {
              "allow_empty": true,
              "include": [
                "**/*.rs"
              ]
            }
          }
        }
      ],
      "library_target_name": "futures_sink",
      "common_attrs": {
        "compile_data_glob": [
          "**"
        ],
        "crate_features": {
          "common": [
            "alloc",
            "std"
          ],
          "selects": {}
        },
        "edition": "2018",
        "version": "0.3.30"
      },
      "license": "MIT OR Apache-2.0",
      "license_ids": [
        "Apache-2.0",
        "MIT"
      ],
      "license_file": "LICENSE-APACHE"
    },
    "futures-task 0.3.30": {
      "name": "futures-task",
      "version": "0.3.30",
      "package_url": "https://github.com/rust-lang/futures-rs",
      "repository": {
        "Http": {
          "url": "https://static.crates.io/crates/futures-task/0.3.30/download",
          "sha256": "38d84fa142264698cdce1a9f9172cf383a0c82de1bddcf3092901442c4097004"
        }
      },
      "targets": [
        {
          "Library": {
            "crate_name": "futures_task",
            "crate_root": "src/lib.rs",
            "srcs": {
              "allow_empty": true,
              "include": [
                "**/*.rs"
              ]
            }
          }
        }
      ],
      "library_target_name": "futures_task",
      "common_attrs": {
        "compile_data_glob": [
          "**"
        ],
        "crate_features": {
          "common": [
            "alloc",
            "std"
          ],
          "selects": {}
        },
        "edition": "2018",
        "version": "0.3.30"
      },
      "license": "MIT OR Apache-2.0",
      "license_ids": [
        "Apache-2.0",
        "MIT"
      ],
      "license_file": "LICENSE-APACHE"
    },
    "futures-util 0.3.30": {
      "name": "futures-util",
      "version": "0.3.30",
      "package_url": "https://github.com/rust-lang/futures-rs",
      "repository": {
        "Http": {
          "url": "https://static.crates.io/crates/futures-util/0.3.30/download",
          "sha256": "3d6401deb83407ab3da39eba7e33987a73c3df0c82b4bb5813ee871c19c41d48"
        }
      },
      "targets": [
        {
          "Library": {
            "crate_name": "futures_util",
            "crate_root": "src/lib.rs",
            "srcs": {
              "allow_empty": true,
              "include": [
                "**/*.rs"
              ]
            }
          }
        }
      ],
      "library_target_name": "futures_util",
      "common_attrs": {
        "compile_data_glob": [
          "**"
        ],
        "crate_features": {
          "common": [
            "alloc",
            "async-await",
            "async-await-macro",
            "channel",
            "futures-channel",
            "futures-io",
            "futures-macro",
            "futures-sink",
            "io",
            "memchr",
            "sink",
            "slab",
            "std"
          ],
          "selects": {}
        },
        "deps": {
          "common": [
            {
              "id": "futures-channel 0.3.30",
              "target": "futures_channel"
            },
            {
              "id": "futures-core 0.3.30",
              "target": "futures_core"
            },
            {
              "id": "futures-io 0.3.30",
              "target": "futures_io"
            },
            {
              "id": "futures-sink 0.3.30",
              "target": "futures_sink"
            },
            {
              "id": "futures-task 0.3.30",
              "target": "futures_task"
            },
            {
              "id": "memchr 2.7.2",
              "target": "memchr"
            },
            {
              "id": "pin-project-lite 0.2.14",
              "target": "pin_project_lite"
            },
            {
              "id": "pin-utils 0.1.0",
              "target": "pin_utils"
            },
            {
              "id": "slab 0.4.9",
              "target": "slab"
            }
          ],
          "selects": {}
        },
        "edition": "2018",
        "proc_macro_deps": {
          "common": [
            {
              "id": "futures-macro 0.3.30",
              "target": "futures_macro"
            }
          ],
          "selects": {}
        },
        "version": "0.3.30"
      },
      "license": "MIT OR Apache-2.0",
      "license_ids": [
        "Apache-2.0",
        "MIT"
      ],
      "license_file": "LICENSE-APACHE"
    },
    "libc 0.2.155": {
      "name": "libc",
      "version": "0.2.155",
      "package_url": "https://github.com/rust-lang/libc",
      "repository": {
        "Http": {
          "url": "https://static.crates.io/crates/libc/0.2.155/download",
          "sha256": "97b3888a4aecf77e811145cadf6eef5901f4782c53886191b2f693f24761847c"
        }
      },
      "targets": [
        {
          "Library": {
            "crate_name": "libc",
            "crate_root": "src/lib.rs",
            "srcs": {
              "allow_empty": true,
              "include": [
                "**/*.rs"
              ]
            }
          }
        },
        {
          "BuildScript": {
            "crate_name": "build_script_build",
            "crate_root": "build.rs",
            "srcs": {
              "allow_empty": true,
              "include": [
                "**/*.rs"
              ]
            }
          }
        }
      ],
      "library_target_name": "libc",
      "common_attrs": {
        "compile_data_glob": [
          "**"
        ],
        "crate_features": {
          "common": [
            "default",
            "std"
          ],
          "selects": {}
        },
        "deps": {
          "common": [
            {
              "id": "libc 0.2.155",
              "target": "build_script_build"
            }
          ],
          "selects": {}
        },
        "edition": "2015",
        "version": "0.2.155"
      },
      "build_script_attrs": {
        "data_glob": [
          "**"
        ]
      },
      "license": "MIT OR Apache-2.0",
      "license_ids": [
        "Apache-2.0",
        "MIT"
      ],
      "license_file": "LICENSE-APACHE"
    },
    "memchr 2.7.2": {
      "name": "memchr",
      "version": "2.7.2",
      "package_url": "https://github.com/BurntSushi/memchr",
      "repository": {
        "Http": {
          "url": "https://static.crates.io/crates/memchr/2.7.2/download",
          "sha256": "6c8640c5d730cb13ebd907d8d04b52f55ac9a2eec55b440c8892f40d56c76c1d"
        }
      },
      "targets": [
        {
          "Library": {
            "crate_name": "memchr",
            "crate_root": "src/lib.rs",
            "srcs": {
              "allow_empty": true,
              "include": [
                "**/*.rs"
              ]
            }
          }
        }
      ],
      "library_target_name": "memchr",
      "common_attrs": {
        "compile_data_glob": [
          "**"
        ],
        "crate_features": {
          "common": [
            "alloc",
            "default",
            "std"
          ],
          "selects": {}
        },
        "edition": "2021",
        "version": "2.7.2"
      },
      "license": "Unlicense OR MIT",
      "license_ids": [
        "MIT",
        "Unlicense"
      ],
      "license_file": "LICENSE-MIT"
    },
    "pin-project-lite 0.2.14": {
      "name": "pin-project-lite",
      "version": "0.2.14",
      "package_url": "https://github.com/taiki-e/pin-project-lite",
      "repository": {
        "Http": {
          "url": "https://static.crates.io/crates/pin-project-lite/0.2.14/download",
          "sha256": "bda66fc9667c18cb2758a2ac84d1167245054bcf85d5d1aaa6923f45801bdd02"
        }
      },
      "targets": [
        {
          "Library": {
            "crate_name": "pin_project_lite",
            "crate_root": "src/lib.rs",
            "srcs": {
              "allow_empty": true,
              "include": [
                "**/*.rs"
              ]
            }
          }
        }
      ],
      "library_target_name": "pin_project_lite",
      "common_attrs": {
        "compile_data_glob": [
          "**"
        ],
        "edition": "2018",
        "version": "0.2.14"
      },
      "license": "Apache-2.0 OR MIT",
      "license_ids": [
        "Apache-2.0",
        "MIT"
      ],
      "license_file": "LICENSE-APACHE"
    },
    "pin-utils 0.1.0": {
      "name": "pin-utils",
      "version": "0.1.0",
      "package_url": "https://github.com/rust-lang-nursery/pin-utils",
      "repository": {
        "Http": {
          "url": "https://static.crates.io/crates/pin-utils/0.1.0/download",
          "sha256": "8b870d8c151b6f2fb93e84a13146138f05d02ed11c7e7c54f8826aaaf7c9f184"
        }
      },
      "targets": [
        {
          "Library": {
            "crate_name": "pin_utils",
            "crate_root": "src/lib.rs",
            "srcs": {
              "allow_empty": true,
              "include": [
                "**/*.rs"
              ]
            }
          }
        }
      ],
      "library_target_name": "pin_utils",
      "common_attrs": {
        "compile_data_glob": [
          "**"
        ],
        "edition": "2018",
        "version": "0.1.0"
      },
      "license": "MIT OR Apache-2.0",
      "license_ids": [
        "Apache-2.0",
        "MIT"
      ],
      "license_file": "LICENSE-APACHE"
    },
    "proc-macro2 1.0.81": {
      "name": "proc-macro2",
      "version": "1.0.81",
      "package_url": "https://github.com/dtolnay/proc-macro2",
      "repository": {
        "Http": {
          "url": "https://static.crates.io/crates/proc-macro2/1.0.81/download",
          "sha256": "3d1597b0c024618f09a9c3b8655b7e430397a36d23fdafec26d6965e9eec3eba"
        }
      },
      "targets": [
        {
          "Library": {
            "crate_name": "proc_macro2",
            "crate_root": "src/lib.rs",
            "srcs": {
              "allow_empty": true,
              "include": [
                "**/*.rs"
              ]
            }
          }
        },
        {
          "BuildScript": {
            "crate_name": "build_script_build",
            "crate_root": "build.rs",
            "srcs": {
              "allow_empty": true,
              "include": [
                "**/*.rs"
              ]
            }
          }
        }
      ],
      "library_target_name": "proc_macro2",
      "common_attrs": {
        "compile_data_glob": [
          "**"
        ],
        "crate_features": {
          "common": [
            "default",
            "proc-macro"
          ],
          "selects": {}
        },
        "deps": {
          "common": [
            {
              "id": "proc-macro2 1.0.81",
              "target": "build_script_build"
            },
            {
              "id": "unicode-ident 1.0.12",
              "target": "unicode_ident"
            }
          ],
          "selects": {}
        },
        "edition": "2021",
        "version": "1.0.81"
      },
      "build_script_attrs": {
        "data_glob": [
          "**"
        ]
      },
      "license": "MIT OR Apache-2.0",
      "license_ids": [
        "Apache-2.0",
        "MIT"
      ],
      "license_file": "LICENSE-APACHE"
    },
    "quote 1.0.36": {
      "name": "quote",
      "version": "1.0.36",
      "package_url": "https://github.com/dtolnay/quote",
      "repository": {
        "Http": {
          "url": "https://static.crates.io/crates/quote/1.0.36/download",
          "sha256": "0fa76aaf39101c457836aec0ce2316dbdc3ab723cdda1c6bd4e6ad4208acaca7"
        }
      },
      "targets": [
        {
          "Library": {
            "crate_name": "quote",
            "crate_root": "src/lib.rs",
            "srcs": {
              "allow_empty": true,
              "include": [
                "**/*.rs"
              ]
            }
          }
        }
      ],
      "library_target_name": "quote",
      "common_attrs": {
        "compile_data_glob": [
          "**"
        ],
        "crate_features": {
          "common": [
            "default",
            "proc-macro"
          ],
          "selects": {}
        },
        "deps": {
          "common": [
            {
              "id": "proc-macro2 1.0.81",
              "target": "proc_macro2"
            }
          ],
          "selects": {}
        },
        "edition": "2018",
        "version": "1.0.36"
      },
      "license": "MIT OR Apache-2.0",
      "license_ids": [
        "Apache-2.0",
        "MIT"
      ],
      "license_file": "LICENSE-APACHE"
    },
    "serde 1.0.201": {
      "name": "serde",
      "version": "1.0.201",
      "package_url": "https://github.com/serde-rs/serde",
      "repository": {
        "Http": {
          "url": "https://static.crates.io/crates/serde/1.0.201/download",
          "sha256": "780f1cebed1629e4753a1a38a3c72d30b97ec044f0aef68cb26650a3c5cf363c"
        }
      },
      "targets": [
        {
          "Library": {
            "crate_name": "serde",
            "crate_root": "src/lib.rs",
            "srcs": {
              "allow_empty": true,
              "include": [
                "**/*.rs"
              ]
            }
          }
        },
        {
          "BuildScript": {
            "crate_name": "build_script_build",
            "crate_root": "build.rs",
            "srcs": {
              "allow_empty": true,
              "include": [
                "**/*.rs"
              ]
            }
          }
        }
      ],
      "library_target_name": "serde",
      "common_attrs": {
        "compile_data_glob": [
          "**"
        ],
        "crate_features": {
          "common": [
            "default",
            "derive",
            "serde_derive",
            "std"
          ],
          "selects": {}
        },
        "deps": {
          "common": [
            {
              "id": "serde 1.0.201",
              "target": "build_script_build"
            }
          ],
          "selects": {}
        },
        "edition": "2018",
        "proc_macro_deps": {
          "common": [
            {
              "id": "serde_derive 1.0.201",
              "target": "serde_derive"
            }
          ],
          "selects": {}
        },
        "version": "1.0.201"
      },
      "build_script_attrs": {
        "data_glob": [
          "**"
        ]
      },
      "license": "MIT OR Apache-2.0",
      "license_ids": [
        "Apache-2.0",
        "MIT"
      ],
      "license_file": "LICENSE-APACHE"
    },
    "serde_derive 1.0.201": {
      "name": "serde_derive",
      "version": "1.0.201",
      "package_url": "https://github.com/serde-rs/serde",
      "repository": {
        "Http": {
          "url": "https://static.crates.io/crates/serde_derive/1.0.201/download",
          "sha256": "c5e405930b9796f1c00bee880d03fc7e0bb4b9a11afc776885ffe84320da2865"
        }
      },
      "targets": [
        {
          "ProcMacro": {
            "crate_name": "serde_derive",
            "crate_root": "src/lib.rs",
            "srcs": {
              "allow_empty": true,
              "include": [
                "**/*.rs"
              ]
            }
          }
        }
      ],
      "library_target_name": "serde_derive",
      "common_attrs": {
        "compile_data_glob": [
          "**"
        ],
        "crate_features": {
          "common": [
            "default"
          ],
          "selects": {}
        },
        "deps": {
          "common": [
            {
              "id": "proc-macro2 1.0.81",
              "target": "proc_macro2"
            },
            {
              "id": "quote 1.0.36",
              "target": "quote"
            },
            {
              "id": "syn 2.0.60",
              "target": "syn"
            }
          ],
          "selects": {}
        },
        "edition": "2015",
        "version": "1.0.201"
      },
      "license": "MIT OR Apache-2.0",
      "license_ids": [
        "Apache-2.0",
        "MIT"
      ],
      "license_file": "LICENSE-APACHE"
    },
    "signal-hook 0.3.17": {
      "name": "signal-hook",
      "version": "0.3.17",
      "package_url": "https://github.com/vorner/signal-hook",
      "repository": {
        "Http": {
          "url": "https://static.crates.io/crates/signal-hook/0.3.17/download",
          "sha256": "8621587d4798caf8eb44879d42e56b9a93ea5dcd315a6487c357130095b62801"
        }
      },
      "targets": [
        {
          "Library": {
            "crate_name": "signal_hook",
            "crate_root": "src/lib.rs",
            "srcs": {
              "allow_empty": true,
              "include": [
                "**/*.rs"
              ]
            }
          }
        },
        {
          "BuildScript": {
            "crate_name": "build_script_build",
            "crate_root": "build.rs",
            "srcs": {
              "allow_empty": true,
              "include": [
                "**/*.rs"
              ]
            }
          }
        }
      ],
      "library_target_name": "signal_hook",
      "common_attrs": {
        "compile_data_glob": [
          "**"
        ],
        "crate_features": {
          "common": [
            "channel",
            "default",
            "iterator"
          ],
          "selects": {}
        },
        "deps": {
          "common": [
            {
              "id": "libc 0.2.155",
              "target": "libc"
            },
            {
              "id": "signal-hook 0.3.17",
              "target": "build_script_build"
            },
            {
              "id": "signal-hook-registry 1.4.2",
              "target": "signal_hook_registry"
            }
          ],
          "selects": {}
        },
        "edition": "2018",
        "version": "0.3.17"
      },
      "build_script_attrs": {
        "data_glob": [
          "**"
        ]
      },
      "license": "Apache-2.0/MIT",
      "license_ids": [
        "Apache-2.0",
        "MIT"
      ],
      "license_file": "LICENSE-APACHE"
    },
    "signal-hook-registry 1.4.2": {
      "name": "signal-hook-registry",
      "version": "1.4.2",
      "package_url": "https://github.com/vorner/signal-hook",
      "repository": {
        "Http": {
          "url": "https://static.crates.io/crates/signal-hook-registry/1.4.2/download",
          "sha256": "a9e9e0b4211b72e7b8b6e85c807d36c212bdb33ea8587f7569562a84df5465b1"
        }
      },
      "targets": [
        {
          "Library": {
            "crate_name": "signal_hook_registry",
            "crate_root": "src/lib.rs",
            "srcs": {
              "allow_empty": true,
              "include": [
                "**/*.rs"
              ]
            }
          }
        }
      ],
      "library_target_name": "signal_hook_registry",
      "common_attrs": {
        "compile_data_glob": [
          "**"
        ],
        "deps": {
          "common": [
            {
              "id": "libc 0.2.155",
              "target": "libc"
            }
          ],
          "selects": {}
        },
        "edition": "2015",
        "version": "1.4.2"
      },
      "license": "Apache-2.0/MIT",
      "license_ids": [
        "Apache-2.0",
        "MIT"
      ],
      "license_file": "LICENSE-APACHE"
    },
    "slab 0.4.9": {
      "name": "slab",
      "version": "0.4.9",
      "package_url": "https://github.com/tokio-rs/slab",
      "repository": {
        "Http": {
          "url": "https://static.crates.io/crates/slab/0.4.9/download",
          "sha256": "8f92a496fb766b417c996b9c5e57daf2f7ad3b0bebe1ccfca4856390e3d3bb67"
        }
      },
      "targets": [
        {
          "Library": {
            "crate_name": "slab",
            "crate_root": "src/lib.rs",
            "srcs": {
              "allow_empty": true,
              "include": [
                "**/*.rs"
              ]
            }
          }
        },
        {
          "BuildScript": {
            "crate_name": "build_script_build",
            "crate_root": "build.rs",
            "srcs": {
              "allow_empty": true,
              "include": [
                "**/*.rs"
              ]
            }
          }
        }
      ],
      "library_target_name": "slab",
      "common_attrs": {
        "compile_data_glob": [
          "**"
        ],
        "crate_features": {
          "common": [
            "default",
            "std"
          ],
          "selects": {}
        },
        "deps": {
          "common": [
            {
              "id": "slab 0.4.9",
              "target": "build_script_build"
            }
          ],
          "selects": {}
        },
        "edition": "2018",
        "version": "0.4.9"
      },
      "build_script_attrs": {
        "data_glob": [
          "**"
        ],
        "deps": {
          "common": [
            {
              "id": "autocfg 1.3.0",
              "target": "autocfg"
            }
          ],
          "selects": {}
        }
      },
      "license": "MIT",
      "license_ids": [
        "MIT"
      ],
      "license_file": "LICENSE"
    },
    "syn 2.0.60": {
      "name": "syn",
      "version": "2.0.60",
      "package_url": "https://github.com/dtolnay/syn",
      "repository": {
        "Http": {
          "url": "https://static.crates.io/crates/syn/2.0.60/download",
          "sha256": "909518bc7b1c9b779f1bbf07f2929d35af9f0f37e47c6e9ef7f9dddc1e1821f3"
        }
      },
      "targets": [
        {
          "Library": {
            "crate_name": "syn",
            "crate_root": "src/lib.rs",
            "srcs": {
              "allow_empty": true,
              "include": [
                "**/*.rs"
              ]
            }
          }
        }
      ],
      "library_target_name": "syn",
      "common_attrs": {
        "compile_data_glob": [
          "**"
        ],
        "crate_features": {
          "common": [
            "clone-impls",
            "default",
            "derive",
            "full",
            "parsing",
            "printing",
            "proc-macro"
          ],
          "selects": {}
        },
        "deps": {
          "common": [
            {
              "id": "proc-macro2 1.0.81",
              "target": "proc_macro2"
            },
            {
              "id": "quote 1.0.36",
              "target": "quote"
            },
            {
              "id": "unicode-ident 1.0.12",
              "target": "unicode_ident"
            }
          ],
          "selects": {}
        },
        "edition": "2021",
        "version": "2.0.60"
      },
      "license": "MIT OR Apache-2.0",
      "license_ids": [
        "Apache-2.0",
        "MIT"
      ],
      "license_file": "LICENSE-APACHE"
    },
    "unicode-ident 1.0.12": {
      "name": "unicode-ident",
      "version": "1.0.12",
      "package_url": "https://github.com/dtolnay/unicode-ident",
      "repository": {
        "Http": {
          "url": "https://static.crates.io/crates/unicode-ident/1.0.12/download",
          "sha256": "3354b9ac3fae1ff6755cb6db53683adb661634f67557942dea4facebec0fee4b"
        }
      },
      "targets": [
        {
          "Library": {
            "crate_name": "unicode_ident",
            "crate_root": "src/lib.rs",
            "srcs": {
              "allow_empty": true,
              "include": [
                "**/*.rs"
              ]
            }
          }
        }
      ],
      "library_target_name": "unicode_ident",
      "common_attrs": {
        "compile_data_glob": [
          "**"
        ],
        "edition": "2018",
        "version": "1.0.12"
      },
      "license": "(MIT OR Apache-2.0) AND Unicode-DFS-2016",
      "license_ids": [
        "Apache-2.0",
        "MIT",
        "Unicode-DFS-2016"
      ],
      "license_file": "LICENSE-APACHE"
    }
  },
  "binary_crates": [],
  "workspace_members": {
    "direct-cargo-bazel-deps 0.0.1": ""
  },
  "conditions": {
    "aarch64-apple-darwin": [
      "aarch64-apple-darwin"
    ],
    "aarch64-apple-ios": [
      "aarch64-apple-ios"
    ],
    "aarch64-apple-ios-sim": [
      "aarch64-apple-ios-sim"
    ],
    "aarch64-fuchsia": [
      "aarch64-fuchsia"
    ],
    "aarch64-linux-android": [
      "aarch64-linux-android"
    ],
    "aarch64-pc-windows-msvc": [
      "aarch64-pc-windows-msvc"
    ],
    "aarch64-unknown-linux-gnu": [
      "aarch64-unknown-linux-gnu"
    ],
    "aarch64-unknown-nixos-gnu": [
      "aarch64-unknown-nixos-gnu"
    ],
    "aarch64-unknown-nto-qnx710": [
      "aarch64-unknown-nto-qnx710"
    ],
    "arm-unknown-linux-gnueabi": [
      "arm-unknown-linux-gnueabi"
    ],
    "armv7-linux-androideabi": [
      "armv7-linux-androideabi"
    ],
    "armv7-unknown-linux-gnueabi": [
      "armv7-unknown-linux-gnueabi"
    ],
    "i686-apple-darwin": [
      "i686-apple-darwin"
    ],
    "i686-linux-android": [
      "i686-linux-android"
    ],
    "i686-pc-windows-msvc": [
      "i686-pc-windows-msvc"
    ],
    "i686-unknown-freebsd": [
      "i686-unknown-freebsd"
    ],
    "i686-unknown-linux-gnu": [
      "i686-unknown-linux-gnu"
    ],
    "powerpc-unknown-linux-gnu": [
      "powerpc-unknown-linux-gnu"
    ],
    "riscv32imc-unknown-none-elf": [
      "riscv32imc-unknown-none-elf"
    ],
    "riscv64gc-unknown-none-elf": [
      "riscv64gc-unknown-none-elf"
    ],
    "s390x-unknown-linux-gnu": [
      "s390x-unknown-linux-gnu"
    ],
    "thumbv7em-none-eabi": [
      "thumbv7em-none-eabi"
    ],
    "thumbv8m.main-none-eabi": [
      "thumbv8m.main-none-eabi"
    ],
    "wasm32-unknown-unknown": [
      "wasm32-unknown-unknown"
    ],
    "wasm32-wasi": [
      "wasm32-wasi"
    ],
    "x86_64-apple-darwin": [
      "x86_64-apple-darwin"
    ],
    "x86_64-apple-ios": [
      "x86_64-apple-ios"
    ],
    "x86_64-fuchsia": [
      "x86_64-fuchsia"
    ],
    "x86_64-linux-android": [
      "x86_64-linux-android"
    ],
    "x86_64-pc-windows-msvc": [
      "x86_64-pc-windows-msvc"
    ],
    "x86_64-unknown-freebsd": [
      "x86_64-unknown-freebsd"
    ],
    "x86_64-unknown-linux-gnu": [
      "x86_64-unknown-linux-gnu"
    ],
    "x86_64-unknown-nixos-gnu": [
      "x86_64-unknown-nixos-gnu"
    ],
    "x86_64-unknown-none": [
      "x86_64-unknown-none"
    ]
  },
  "direct_deps": [
    "futures 0.3.30",
    "serde 1.0.201",
    "signal-hook 0.3.17"
  ],
  "direct_dev_deps": []
}
